
Microsoft Visual Studio Solution File, Format Version 12.00
# Visual Studio Version 17
VisualStudioVersion = 17.13.36105.23
MinimumVisualStudioVersion = 10.0.40219.1
Project("{FAE04EC0-301F-11D3-BF4B-00C04F79EFBC}") = "WebCliente", "WebCliente\WebCliente.csproj", "{129C429E-04AB-496D-91F2-0753E2E5A032}"
EndProject
Project("{FAE04EC0-301F-11D3-BF4B-00C04F79EFBC}") = "RunApi", "RunApi\RunApi.csproj", "{2A2D8383-3D6F-4956-8CD1-AA99F27E54B7}"
EndProject
Global
	GlobalSection(SolutionConfigurationPlatforms) = preSolution
		Debug|Any CPU = Debug|Any CPU
		Release|Any CPU = Release|Any CPU
	EndGlobalSection
	GlobalSection(ProjectConfigurationPlatforms) = postSolution
		{129C429E-04AB-496D-91F2-0753E2E5A032}.Debug|Any CPU.ActiveCfg = Debug|Any CPU
		{129C429E-04AB-496D-91F2-0753E2E5A032}.Debug|Any CPU.Build.0 = Debug|Any CPU
		{129C429E-04AB-496D-91F2-0753E2E5A032}.Release|Any CPU.ActiveCfg = Release|Any CPU
		{129C429E-04AB-496D-91F2-0753E2E5A032}.Release|Any CPU.Build.0 = Release|Any CPU
		{2A2D8383-3D6F-4956-8CD1-AA99F27E54B7}.Debug|Any CPU.ActiveCfg = Debug|Any CPU
		{2A2D8383-3D6F-4956-8CD1-AA99F27E54B7}.Debug|Any CPU.Build.0 = Debug|Any CPU
		{2A2D8383-3D6F-4956-8CD1-AA99F27E54B7}.Release|Any CPU.ActiveCfg = Release|Any CPU
		{2A2D8383-3D6F-4956-8CD1-AA99F27E54B7}.Release|Any CPU.Build.0 = Release|Any CPU
	EndGlobalSection
	GlobalSection(SolutionProperties) = preSolution
		HideSolutionNode = FALSE
	EndGlobalSection
	GlobalSection(ExtensibilityGlobals) = postSolution
		SolutionGuid = {FDC3C368-8014-4FD6-924C-A6F2262B3E38}
	EndGlobalSection
EndGlobal
